{
  "name": "notification-mail-sms-service-DarylNyd",
  "lockfileVersion": 3,
  "requires": true,
  "packages": {
    "": {
      "dependencies": {
        "nodemailer": "^7.0.4"
      }
    },
    "node_modules/nodemailer": {
      "version": "7.0.4",
      "resolved": "https://registry.npmjs.org/nodemailer/-/nodemailer-7.0.4.tgz",
      "integrity": "sha512-9O00Vh89/Ld2EcVCqJ/etd7u20UhME0f/NToPfArwPEe1Don1zy4mAIz6ariRr7mJ2RDxtaDzN0WJVdVXPtZaw==",
      "license": "MIT-0",
      "engines": {
        "node": ">=6.0.0"
      }
    }
  }
}
